
Microsoft Visual Studio Solution File, Format Version 12.00
Project("{FAE04EC0-301F-11D3-BF4B-00C04F79EFBC}") = "OrchardCore.Cms.Web", "OrchardCore.Cms.Web\OrchardCore.Cms.Web.csproj", "{32129566-ABA0-408D-AE08-ECA814B017E0}"
EndProject
Project("{FAE04EC0-301F-11D3-BF4B-00C04F79EFBC}") = "OrchardCore.Theme", "OrchardCore.Theme\OrchardCore.Theme.csproj", "{2C76333B-9BD2-4E22-87E8-85769BB77DD0}"
EndProject
Global
	GlobalSection(SolutionConfigurationPlatforms) = preSolution
		Debug|Any CPU = Debug|Any CPU
		Release|Any CPU = Release|Any CPU
	EndGlobalSection
	GlobalSection(ProjectConfigurationPlatforms) = postSolution
		{32129566-ABA0-408D-AE08-ECA814B017E0}.Debug|Any CPU.ActiveCfg = Debug|Any CPU
		{32129566-ABA0-408D-AE08-ECA814B017E0}.Debug|Any CPU.Build.0 = Debug|Any CPU
		{32129566-ABA0-408D-AE08-ECA814B017E0}.Release|Any CPU.ActiveCfg = Release|Any CPU
		{32129566-ABA0-408D-AE08-ECA814B017E0}.Release|Any CPU.Build.0 = Release|Any CPU
		{2C76333B-9BD2-4E22-87E8-85769BB77DD0}.Debug|Any CPU.ActiveCfg = Debug|Any CPU
		{2C76333B-9BD2-4E22-87E8-85769BB77DD0}.Debug|Any CPU.Build.0 = Debug|Any CPU
		{2C76333B-9BD2-4E22-87E8-85769BB77DD0}.Release|Any CPU.ActiveCfg = Release|Any CPU
		{2C76333B-9BD2-4E22-87E8-85769BB77DD0}.Release|Any CPU.Build.0 = Release|Any CPU
	EndGlobalSection
EndGlobal
